
Microsoft Visual Studio Solution File, Format Version 11.00
# Visual Studio 2010
Project("{FAE04EC0-301F-11D3-BF4B-00C04F79EFBC}") = "Server", "Server\Server.csproj", "{2FF8CA19-FAED-486E-A975-1C129E62EEC5}"
EndProject
Project("{FAE04EC0-301F-11D3-BF4B-00C04F79EFBC}") = "Client", "Client\Client.csproj", "{7717E405-24D3-4FE9-8CAE-D82C7A7195E7}"
EndProject
Project("{FAE04EC0-301F-11D3-BF4B-00C04F79EFBC}") = "Proxy", "Proxy\Proxy.csproj", "{78879072-BC80-4B3C-967B-2F00BFA6AD33}"
EndProject
Global
	GlobalSection(SolutionConfigurationPlatforms) = preSolution
		Debug|x86 = Debug|x86
		Release|x86 = Release|x86
	EndGlobalSection
	GlobalSection(ProjectConfigurationPlatforms) = postSolution
		{2FF8CA19-FAED-486E-A975-1C129E62EEC5}.Debug|x86.ActiveCfg = Debug|x86
		{2FF8CA19-FAED-486E-A975-1C129E62EEC5}.Debug|x86.Build.0 = Debug|x86
		{2FF8CA19-FAED-486E-A975-1C129E62EEC5}.Release|x86.ActiveCfg = Release|x86
		{2FF8CA19-FAED-486E-A975-1C129E62EEC5}.Release|x86.Build.0 = Release|x86
		{7717E405-24D3-4FE9-8CAE-D82C7A7195E7}.Debug|x86.ActiveCfg = Debug|x86
		{7717E405-24D3-4FE9-8CAE-D82C7A7195E7}.Debug|x86.Build.0 = Debug|x86
		{7717E405-24D3-4FE9-8CAE-D82C7A7195E7}.Release|x86.ActiveCfg = Release|x86
		{7717E405-24D3-4FE9-8CAE-D82C7A7195E7}.Release|x86.Build.0 = Release|x86
		{78879072-BC80-4B3C-967B-2F00BFA6AD33}.Debug|x86.ActiveCfg = Debug|x86
		{78879072-BC80-4B3C-967B-2F00BFA6AD33}.Debug|x86.Build.0 = Debug|x86
		{78879072-BC80-4B3C-967B-2F00BFA6AD33}.Release|x86.ActiveCfg = Release|x86
		{78879072-BC80-4B3C-967B-2F00BFA6AD33}.Release|x86.Build.0 = Release|x86
	EndGlobalSection
	GlobalSection(SolutionProperties) = preSolution
		HideSolutionNode = FALSE
	EndGlobalSection
EndGlobal
